
Microsoft Visual Studio Solution File, Format Version 12.00
# Visual Studio 14
VisualStudioVersion = 14.0.25420.1
MinimumVisualStudioVersion = 10.0.40219.1
Project("{8BC9CEB8-8B4A-11D0-8D11-00A0C91BC942}") = "Vector", "Vector\Vector.vcxproj", "{BCCDBC2B-0FEC-459F-927C-BD6C0AFA739D}"
EndProject
Project("{8BC9CEB8-8B4A-11D0-8D11-00A0C91BC942}") = "VectorTests", "VectorTests\VectorTests.vcxproj", "{4420E17A-D095-479A-9B3B-8867139D6645}"
EndProject
Project("{8BC9CEB8-8B4A-11D0-8D11-00A0C91BC942}") = "FindAndReplace", "FindAndReplace\FindAndReplace.vcxproj", "{1C2AB63C-2366-4FF5-829A-DCA44D907205}"
EndProject
Project("{8BC9CEB8-8B4A-11D0-8D11-00A0C91BC942}") = "FindAndReplaceTests", "FindAndReplaceTests\FindAndReplaceTests.vcxproj", "{E8B520FE-EE60-44FF-BC40-431A8B9497A9}"
EndProject
Project("{8BC9CEB8-8B4A-11D0-8D11-00A0C91BC942}") = "WordСount", "WordСount\WordСount.vcxproj", "{78A11554-E02D-458B-9A34-81F9EAE37ED9}"
EndProject
Project("{8BC9CEB8-8B4A-11D0-8D11-00A0C91BC942}") = "WordCountTests", "WordCountTests\WordCountTests.vcxproj", "{10A2A2E9-0A40-4002-B7E6-17AB3981C16B}"
EndProject
Project("{8BC9CEB8-8B4A-11D0-8D11-00A0C91BC942}") = "CrossSet", "CrossSet\CrossSet.vcxproj", "{E1A786F5-D0D2-44C2-AEAF-1DD05553669F}"
EndProject
Project("{8BC9CEB8-8B4A-11D0-8D11-00A0C91BC942}") = "CrossSetTests", "CrossSetTests\CrossSetTests.vcxproj", "{63761B3E-4009-4E5F-98BE-896DE1440301}"
EndProject
Global
	GlobalSection(SolutionConfigurationPlatforms) = preSolution
		Debug|Win32 = Debug|Win32
		Debug|x64 = Debug|x64
		Release|Win32 = Release|Win32
		Release|x64 = Release|x64
	EndGlobalSection
	GlobalSection(ProjectConfigurationPlatforms) = postSolution
		{BCCDBC2B-0FEC-459F-927C-BD6C0AFA739D}.Debug|Win32.ActiveCfg = Debug|Win32
		{BCCDBC2B-0FEC-459F-927C-BD6C0AFA739D}.Debug|Win32.Build.0 = Debug|Win32
		{BCCDBC2B-0FEC-459F-927C-BD6C0AFA739D}.Debug|x64.ActiveCfg = Debug|x64
		{BCCDBC2B-0FEC-459F-927C-BD6C0AFA739D}.Debug|x64.Build.0 = Debug|x64
		{BCCDBC2B-0FEC-459F-927C-BD6C0AFA739D}.Release|Win32.ActiveCfg = Release|Win32
		{BCCDBC2B-0FEC-459F-927C-BD6C0AFA739D}.Release|Win32.Build.0 = Release|Win32
		{BCCDBC2B-0FEC-459F-927C-BD6C0AFA739D}.Release|x64.ActiveCfg = Release|x64
		{BCCDBC2B-0FEC-459F-927C-BD6C0AFA739D}.Release|x64.Build.0 = Release|x64
		{4420E17A-D095-479A-9B3B-8867139D6645}.Debug|Win32.ActiveCfg = Debug|Win32
		{4420E17A-D095-479A-9B3B-8867139D6645}.Debug|Win32.Build.0 = Debug|Win32
		{4420E17A-D095-479A-9B3B-8867139D6645}.Debug|x64.ActiveCfg = Debug|x64
		{4420E17A-D095-479A-9B3B-8867139D6645}.Debug|x64.Build.0 = Debug|x64
		{4420E17A-D095-479A-9B3B-8867139D6645}.Release|Win32.ActiveCfg = Release|Win32
		{4420E17A-D095-479A-9B3B-8867139D6645}.Release|Win32.Build.0 = Release|Win32
		{4420E17A-D095-479A-9B3B-8867139D6645}.Release|x64.ActiveCfg = Release|x64
		{4420E17A-D095-479A-9B3B-8867139D6645}.Release|x64.Build.0 = Release|x64
		{1C2AB63C-2366-4FF5-829A-DCA44D907205}.Debug|Win32.ActiveCfg = Debug|Win32
		{1C2AB63C-2366-4FF5-829A-DCA44D907205}.Debug|Win32.Build.0 = Debug|Win32
		{1C2AB63C-2366-4FF5-829A-DCA44D907205}.Debug|x64.ActiveCfg = Debug|x64
		{1C2AB63C-2366-4FF5-829A-DCA44D907205}.Debug|x64.Build.0 = Debug|x64
		{1C2AB63C-2366-4FF5-829A-DCA44D907205}.Release|Win32.ActiveCfg = Release|Win32
		{1C2AB63C-2366-4FF5-829A-DCA44D907205}.Release|Win32.Build.0 = Release|Win32
		{1C2AB63C-2366-4FF5-829A-DCA44D907205}.Release|x64.ActiveCfg = Release|x64
		{1C2AB63C-2366-4FF5-829A-DCA44D907205}.Release|x64.Build.0 = Release|x64
		{E8B520FE-EE60-44FF-BC40-431A8B9497A9}.Debug|Win32.ActiveCfg = Debug|Win32
		{E8B520FE-EE60-44FF-BC40-431A8B9497A9}.Debug|Win32.Build.0 = Debug|Win32
		{E8B520FE-EE60-44FF-BC40-431A8B9497A9}.Debug|x64.ActiveCfg = Debug|x64
		{E8B520FE-EE60-44FF-BC40-431A8B9497A9}.Debug|x64.Build.0 = Debug|x64
		{E8B520FE-EE60-44FF-BC40-431A8B9497A9}.Release|Win32.ActiveCfg = Release|Win32
		{E8B520FE-EE60-44FF-BC40-431A8B9497A9}.Release|Win32.Build.0 = Release|Win32
		{E8B520FE-EE60-44FF-BC40-431A8B9497A9}.Release|x64.ActiveCfg = Release|x64
		{E8B520FE-EE60-44FF-BC40-431A8B9497A9}.Release|x64.Build.0 = Release|x64
		{78A11554-E02D-458B-9A34-81F9EAE37ED9}.Debug|Win32.ActiveCfg = Debug|Win32
		{78A11554-E02D-458B-9A34-81F9EAE37ED9}.Debug|Win32.Build.0 = Debug|Win32
		{78A11554-E02D-458B-9A34-81F9EAE37ED9}.Debug|x64.ActiveCfg = Debug|x64
		{78A11554-E02D-458B-9A34-81F9EAE37ED9}.Debug|x64.Build.0 = Debug|x64
		{78A11554-E02D-458B-9A34-81F9EAE37ED9}.Release|Win32.ActiveCfg = Release|Win32
		{78A11554-E02D-458B-9A34-81F9EAE37ED9}.Release|Win32.Build.0 = Release|Win32
		{78A11554-E02D-458B-9A34-81F9EAE37ED9}.Release|x64.ActiveCfg = Release|x64
		{78A11554-E02D-458B-9A34-81F9EAE37ED9}.Release|x64.Build.0 = Release|x64
		{10A2A2E9-0A40-4002-B7E6-17AB3981C16B}.Debug|Win32.ActiveCfg = Debug|Win32
		{10A2A2E9-0A40-4002-B7E6-17AB3981C16B}.Debug|Win32.Build.0 = Debug|Win32
		{10A2A2E9-0A40-4002-B7E6-17AB3981C16B}.Debug|x64.ActiveCfg = Debug|x64
		{10A2A2E9-0A40-4002-B7E6-17AB3981C16B}.Debug|x64.Build.0 = Debug|x64
		{10A2A2E9-0A40-4002-B7E6-17AB3981C16B}.Release|Win32.ActiveCfg = Release|Win32
		{10A2A2E9-0A40-4002-B7E6-17AB3981C16B}.Release|Win32.Build.0 = Release|Win32
		{10A2A2E9-0A40-4002-B7E6-17AB3981C16B}.Release|x64.ActiveCfg = Release|x64
		{10A2A2E9-0A40-4002-B7E6-17AB3981C16B}.Release|x64.Build.0 = Release|x64
		{E1A786F5-D0D2-44C2-AEAF-1DD05553669F}.Debug|Win32.ActiveCfg = Debug|Win32
		{E1A786F5-D0D2-44C2-AEAF-1DD05553669F}.Debug|Win32.Build.0 = Debug|Win32
		{E1A786F5-D0D2-44C2-AEAF-1DD05553669F}.Debug|x64.ActiveCfg = Debug|x64
		{E1A786F5-D0D2-44C2-AEAF-1DD05553669F}.Debug|x64.Build.0 = Debug|x64
		{E1A786F5-D0D2-44C2-AEAF-1DD05553669F}.Release|Win32.ActiveCfg = Release|Win32
		{E1A786F5-D0D2-44C2-AEAF-1DD05553669F}.Release|Win32.Build.0 = Release|Win32
		{E1A786F5-D0D2-44C2-AEAF-1DD05553669F}.Release|x64.ActiveCfg = Release|x64
		{E1A786F5-D0D2-44C2-AEAF-1DD05553669F}.Release|x64.Build.0 = Release|x64
		{63761B3E-4009-4E5F-98BE-896DE1440301}.Debug|Win32.ActiveCfg = Debug|Win32
		{63761B3E-4009-4E5F-98BE-896DE1440301}.Debug|Win32.Build.0 = Debug|Win32
		{63761B3E-4009-4E5F-98BE-896DE1440301}.Debug|x64.ActiveCfg = Debug|x64
		{63761B3E-4009-4E5F-98BE-896DE1440301}.Debug|x64.Build.0 = Debug|x64
		{63761B3E-4009-4E5F-98BE-896DE1440301}.Release|Win32.ActiveCfg = Release|Win32
		{63761B3E-4009-4E5F-98BE-896DE1440301}.Release|Win32.Build.0 = Release|Win32
		{63761B3E-4009-4E5F-98BE-896DE1440301}.Release|x64.ActiveCfg = Release|x64
		{63761B3E-4009-4E5F-98BE-896DE1440301}.Release|x64.Build.0 = Release|x64
	EndGlobalSection
	GlobalSection(SolutionProperties) = preSolution
		HideSolutionNode = FALSE
	EndGlobalSection
EndGlobal
