
Microsoft Visual Studio Solution File, Format Version 12.00
# Visual Studio 14
VisualStudioVersion = 14.0.25420.1
MinimumVisualStudioVersion = 10.0.40219.1
Project("{8BC9CEB8-8B4A-11D0-8D11-00A0C91BC942}") = "HttpUrl", "HttpUrl\HttpUrl.vcxproj", "{C934098A-7B40-4FE7-A1FB-346BA3AB1953}"
EndProject
Project("{8BC9CEB8-8B4A-11D0-8D11-00A0C91BC942}") = "HttpUrlTests", "HttpUrlTests\HttpUrlTests.vcxproj", "{8530A8ED-F00F-4051-B393-A7380DE5D0F3}"
EndProject
Global
	GlobalSection(SolutionConfigurationPlatforms) = preSolution
		Debug|x64 = Debug|x64
		Debug|x86 = Debug|x86
		Release|x64 = Release|x64
		Release|x86 = Release|x86
	EndGlobalSection
	GlobalSection(ProjectConfigurationPlatforms) = postSolution
		{C934098A-7B40-4FE7-A1FB-346BA3AB1953}.Debug|x64.ActiveCfg = Debug|x64
		{C934098A-7B40-4FE7-A1FB-346BA3AB1953}.Debug|x64.Build.0 = Debug|x64
		{C934098A-7B40-4FE7-A1FB-346BA3AB1953}.Debug|x86.ActiveCfg = Debug|Win32
		{C934098A-7B40-4FE7-A1FB-346BA3AB1953}.Debug|x86.Build.0 = Debug|Win32
		{C934098A-7B40-4FE7-A1FB-346BA3AB1953}.Release|x64.ActiveCfg = Release|x64
		{C934098A-7B40-4FE7-A1FB-346BA3AB1953}.Release|x64.Build.0 = Release|x64
		{C934098A-7B40-4FE7-A1FB-346BA3AB1953}.Release|x86.ActiveCfg = Release|Win32
		{C934098A-7B40-4FE7-A1FB-346BA3AB1953}.Release|x86.Build.0 = Release|Win32
		{8530A8ED-F00F-4051-B393-A7380DE5D0F3}.Debug|x64.ActiveCfg = Debug|x64
		{8530A8ED-F00F-4051-B393-A7380DE5D0F3}.Debug|x64.Build.0 = Debug|x64
		{8530A8ED-F00F-4051-B393-A7380DE5D0F3}.Debug|x86.ActiveCfg = Debug|Win32
		{8530A8ED-F00F-4051-B393-A7380DE5D0F3}.Debug|x86.Build.0 = Debug|Win32
		{8530A8ED-F00F-4051-B393-A7380DE5D0F3}.Release|x64.ActiveCfg = Release|x64
		{8530A8ED-F00F-4051-B393-A7380DE5D0F3}.Release|x64.Build.0 = Release|x64
		{8530A8ED-F00F-4051-B393-A7380DE5D0F3}.Release|x86.ActiveCfg = Release|Win32
		{8530A8ED-F00F-4051-B393-A7380DE5D0F3}.Release|x86.Build.0 = Release|Win32
	EndGlobalSection
	GlobalSection(SolutionProperties) = preSolution
		HideSolutionNode = FALSE
	EndGlobalSection
EndGlobal
